lockfileVersion: '6.0'

settings:
  autoInstallPeers: true
  excludeLinksFromLockfile: false

dependencies:
  '@opentelemetry/instrumentation':
    specifier: latest
    version: 0.51.1(@opentelemetry/api@1.8.0)
  openai:
    specifier: ^4.47.1
    version: 4.47.1
  scorecard-ai:
    specifier: ^0.5.3
    version: 0.5.3(@arizeai/openinference-instrumentation-langchain@0.0.5)(@arizeai/openinference-instrumentation-openai@0.2.0)(@opentelemetry/api@1.8.0)(@opentelemetry/exporter-trace-otlp-http@0.51.1)(@opentelemetry/instrumentation@0.51.1)(@opentelemetry/resources@1.24.1)(@opentelemetry/sdk-trace-node@1.24.1)(@opentelemetry/semantic-conventions@1.24.1)(openai@4.47.1)

devDependencies:
  '@arizeai/openinference-instrumentation-openai':
    specifier: '*'
    version: 0.2.0

packages:

  /@arizeai/openinference-instrumentation-langchain@0.0.5:
    resolution: {integrity: sha512-iOPRodje4Mrh3dsXOi+WppMEyCsO/BY+xwh/bJegx1WNuqaiJYYf5AU5FoL3TgvynU6BQ0lQHXOlKKirbo2qdA==}
    dependencies:
      '@arizeai/openinference-semantic-conventions': 0.4.0
      '@opentelemetry/api': 1.8.0
      '@opentelemetry/core': 1.24.1(@opentelemetry/api@1.8.0)
      '@opentelemetry/instrumentation': 0.46.0(@opentelemetry/api@1.8.0)
    transitivePeerDependencies:
      - supports-color
    dev: false

  /@arizeai/openinference-instrumentation-openai@0.2.0:
    resolution: {integrity: sha512-24fNdqnGxqQJwq6TC5yQeEwHn9boDCCOgceHy5bn5NfZny4LmOYTOyQpomFD+Pni/Ff/HC04dL1kBDKrjV9jfw==}
    dependencies:
      '@arizeai/openinference-semantic-conventions': 0.4.0
      '@opentelemetry/api': 1.8.0
      '@opentelemetry/core': 1.24.1(@opentelemetry/api@1.8.0)
      '@opentelemetry/instrumentation': 0.46.0(@opentelemetry/api@1.8.0)
    transitivePeerDependencies:
      - supports-color

  /@arizeai/openinference-semantic-conventions@0.4.0:
    resolution: {integrity: sha512-3PiFQGq3Zw01JgDsX0DGFkT8NzFbgB4ixjVlkjqwx7W0mpzZyDE5PL7obTIeqLC74qyvtGxqnJAvieqv1QbjAg==}

  /@opentelemetry/api-logs@0.51.1:
    resolution: {integrity: sha512-E3skn949Pk1z2XtXu/lxf6QAZpawuTM/IUEXcAzpiUkTd73Hmvw26FiN3cJuTmkpM5hZzHwkomVdtrh/n/zzwA==}
    engines: {node: '>=14'}
    dependencies:
      '@opentelemetry/api': 1.8.0
    dev: false

  /@opentelemetry/api@1.8.0:
    resolution: {integrity: sha512-I/s6F7yKUDdtMsoBWXJe8Qz40Tui5vsuKCWJEWVL+5q9sSWRzzx6v2KeNsOBEwd94j0eWkpWCH4yB6rZg9Mf0w==}
    engines: {node: '>=8.0.0'}

  /@opentelemetry/context-async-hooks@1.24.1(@opentelemetry/api@1.8.0):
    resolution: {integrity: sha512-R5r6DO4kgEOVBxFXhXjwospLQkv+sYxwCfjvoZBe7Zm6KKXAV9kDSJhi/D1BweowdZmO+sdbENLs374gER8hpQ==}
    engines: {node: '>=14'}
    peerDependencies:
      '@opentelemetry/api': '>=1.0.0 <1.9.0'
    dependencies:
      '@opentelemetry/api': 1.8.0
    dev: false

  /@opentelemetry/core@1.24.1(@opentelemetry/api@1.8.0):
    resolution: {integrity: sha512-wMSGfsdmibI88K9wB498zXY04yThPexo8jvwNNlm542HZB7XrrMRBbAyKJqG8qDRJwIBdBrPMi4V9ZPW/sqrcg==}
    engines: {node: '>=14'}
    peerDependencies:
      '@opentelemetry/api': '>=1.0.0 <1.9.0'
    dependencies:
      '@opentelemetry/api': 1.8.0
      '@opentelemetry/semantic-conventions': 1.24.1

  /@opentelemetry/exporter-trace-otlp-http@0.51.1(@opentelemetry/api@1.8.0):
    resolution: {integrity: sha512-n+LhLPsX07URh+HhV2SHVSvz1t4G/l/CE5BjpmhAPqeTceFac1VpyQkavWEJbvnK5bUEXijWt4LxAxFpt2fXyw==}
    engines: {node: '>=14'}
    peerDependencies:
      '@opentelemetry/api': ^1.0.0
    dependencies:
      '@opentelemetry/api': 1.8.0
      '@opentelemetry/core': 1.24.1(@opentelemetry/api@1.8.0)
      '@opentelemetry/otlp-exporter-base': 0.51.1(@opentelemetry/api@1.8.0)
      '@opentelemetry/otlp-transformer': 0.51.1(@opentelemetry/api@1.8.0)
      '@opentelemetry/resources': 1.24.1(@opentelemetry/api@1.8.0)
      '@opentelemetry/sdk-trace-base': 1.24.1(@opentelemetry/api@1.8.0)
    dev: false

  /@opentelemetry/instrumentation@0.46.0(@opentelemetry/api@1.8.0):
    resolution: {integrity: sha512-a9TijXZZbk0vI5TGLZl+0kxyFfrXHhX6Svtz7Pp2/VBlCSKrazuULEyoJQrOknJyFWNMEmbbJgOciHCCpQcisw==}
    engines: {node: '>=14'}
    peerDependencies:
      '@opentelemetry/api': ^1.3.0
    dependencies:
      '@opentelemetry/api': 1.8.0
      '@types/shimmer': 1.0.5
      import-in-the-middle: 1.7.1
      require-in-the-middle: 7.3.0
      semver: 7.6.2
      shimmer: 1.2.1
    transitivePeerDependencies:
      - supports-color

  /@opentelemetry/instrumentation@0.51.1(@opentelemetry/api@1.8.0):
    resolution: {integrity: sha512-JIrvhpgqY6437QIqToyozrUG1h5UhwHkaGK/WAX+fkrpyPtc+RO5FkRtUd9BH0MibabHHvqsnBGKfKVijbmp8w==}
    engines: {node: '>=14'}
    peerDependencies:
      '@opentelemetry/api': ^1.3.0
    dependencies:
      '@opentelemetry/api': 1.8.0
      '@opentelemetry/api-logs': 0.51.1
      '@types/shimmer': 1.0.5
      import-in-the-middle: 1.7.4
      require-in-the-middle: 7.3.0
      semver: 7.6.2
      shimmer: 1.2.1
    transitivePeerDependencies:
      - supports-color
    dev: false

  /@opentelemetry/otlp-exporter-base@0.51.1(@opentelemetry/api@1.8.0):
    resolution: {integrity: sha512-UYlnOYyDdzo1Gw559EHCzru0RwhvuXCwoH8jGo9J4gO1TE58GjnEmIjomMsKBCym3qWNJfIQXw+9SZCV0DdQNg==}
    engines: {node: '>=14'}
    peerDependencies:
      '@opentelemetry/api': ^1.0.0
    dependencies:
      '@opentelemetry/api': 1.8.0
      '@opentelemetry/core': 1.24.1(@opentelemetry/api@1.8.0)
    dev: false

  /@opentelemetry/otlp-transformer@0.51.1(@opentelemetry/api@1.8.0):
    resolution: {integrity: sha512-OppYOXwV9LQqqtYUCywqoOqX/JT9LQ5/FMuPZ//eTkvuHdUC4ZMwz2c6uSoT2R90GWvvGnF1iEqTGyTT3xAt2Q==}
    engines: {node: '>=14'}
    peerDependencies:
      '@opentelemetry/api': '>=1.3.0 <1.9.0'
    dependencies:
      '@opentelemetry/api': 1.8.0
      '@opentelemetry/api-logs': 0.51.1
      '@opentelemetry/core': 1.24.1(@opentelemetry/api@1.8.0)
      '@opentelemetry/resources': 1.24.1(@opentelemetry/api@1.8.0)
      '@opentelemetry/sdk-logs': 0.51.1(@opentelemetry/api-logs@0.51.1)(@opentelemetry/api@1.8.0)
      '@opentelemetry/sdk-metrics': 1.24.1(@opentelemetry/api@1.8.0)
      '@opentelemetry/sdk-trace-base': 1.24.1(@opentelemetry/api@1.8.0)
    dev: false

  /@opentelemetry/propagator-b3@1.24.1(@opentelemetry/api@1.8.0):
    resolution: {integrity: sha512-nda97ZwhpZKyUJTXqQuKzNhPMUgMLunbbGWn8kroBwegn+nh6OhtyGkrVQsQLNdVKJl0KeB5z0ZgeWszrYhwFw==}
    engines: {node: '>=14'}
    peerDependencies:
      '@opentelemetry/api': '>=1.0.0 <1.9.0'
    dependencies:
      '@opentelemetry/api': 1.8.0
      '@opentelemetry/core': 1.24.1(@opentelemetry/api@1.8.0)
    dev: false

  /@opentelemetry/propagator-jaeger@1.24.1(@opentelemetry/api@1.8.0):
    resolution: {integrity: sha512-7bRBJn3FG1l195A1m+xXRHvgzAOBsfmRi9uZ5Da18oTh7BLmNDiA8+kpk51FpTsU1PCikPVpRDNPhKVB6lyzZg==}
    engines: {node: '>=14'}
    peerDependencies:
      '@opentelemetry/api': '>=1.0.0 <1.9.0'
    dependencies:
      '@opentelemetry/api': 1.8.0
      '@opentelemetry/core': 1.24.1(@opentelemetry/api@1.8.0)
    dev: false

  /@opentelemetry/resources@1.24.1(@opentelemetry/api@1.8.0):
    resolution: {integrity: sha512-cyv0MwAaPF7O86x5hk3NNgenMObeejZFLJJDVuSeSMIsknlsj3oOZzRv3qSzlwYomXsICfBeFFlxwHQte5mGXQ==}
    engines: {node: '>=14'}
    peerDependencies:
      '@opentelemetry/api': '>=1.0.0 <1.9.0'
    dependencies:
      '@opentelemetry/api': 1.8.0
      '@opentelemetry/core': 1.24.1(@opentelemetry/api@1.8.0)
      '@opentelemetry/semantic-conventions': 1.24.1
    dev: false

  /@opentelemetry/sdk-logs@0.51.1(@opentelemetry/api-logs@0.51.1)(@opentelemetry/api@1.8.0):
    resolution: {integrity: sha512-ULQQtl82b673PpZc5/0EtH4V+BrwVOgKJZEB7tYZnGTG3I98tQVk89S9/JSixomDr++F4ih+LSJTCqIKBz+MQQ==}
    engines: {node: '>=14'}
    peerDependencies:
      '@opentelemetry/api': '>=1.4.0 <1.9.0'
      '@opentelemetry/api-logs': '>=0.39.1'
    dependencies:
      '@opentelemetry/api': 1.8.0
      '@opentelemetry/api-logs': 0.51.1
      '@opentelemetry/core': 1.24.1(@opentelemetry/api@1.8.0)
      '@opentelemetry/resources': 1.24.1(@opentelemetry/api@1.8.0)
    dev: false

  /@opentelemetry/sdk-metrics@1.24.1(@opentelemetry/api@1.8.0):
    resolution: {integrity: sha512-FrAqCbbGao9iKI+Mgh+OsC9+U2YMoXnlDHe06yH7dvavCKzE3S892dGtX54+WhSFVxHR/TMRVJiK/CV93GR0TQ==}
    engines: {node: '>=14'}
    peerDependencies:
      '@opentelemetry/api': '>=1.3.0 <1.9.0'
    dependencies:
      '@opentelemetry/api': 1.8.0
      '@opentelemetry/core': 1.24.1(@opentelemetry/api@1.8.0)
      '@opentelemetry/resources': 1.24.1(@opentelemetry/api@1.8.0)
      lodash.merge: 4.6.2
    dev: false

  /@opentelemetry/sdk-trace-base@1.24.1(@opentelemetry/api@1.8.0):
    resolution: {integrity: sha512-zz+N423IcySgjihl2NfjBf0qw1RWe11XIAWVrTNOSSI6dtSPJiVom2zipFB2AEEtJWpv0Iz6DY6+TjnyTV5pWg==}
    engines: {node: '>=14'}
    peerDependencies:
      '@opentelemetry/api': '>=1.0.0 <1.9.0'
    dependencies:
      '@opentelemetry/api': 1.8.0
      '@opentelemetry/core': 1.24.1(@opentelemetry/api@1.8.0)
      '@opentelemetry/resources': 1.24.1(@opentelemetry/api@1.8.0)
      '@opentelemetry/semantic-conventions': 1.24.1
    dev: false

  /@opentelemetry/sdk-trace-node@1.24.1(@opentelemetry/api@1.8.0):
    resolution: {integrity: sha512-/FZX8uWaGIAwsDhqI8VvQ+qWtfMNlXjaFYGc+vmxgdRFppCSSIRwrPyIhJO1qx61okyYhoyxVEZAfoiNxrfJCg==}
    engines: {node: '>=14'}
    peerDependencies:
      '@opentelemetry/api': '>=1.0.0 <1.9.0'
    dependencies:
      '@opentelemetry/api': 1.8.0
      '@opentelemetry/context-async-hooks': 1.24.1(@opentelemetry/api@1.8.0)
      '@opentelemetry/core': 1.24.1(@opentelemetry/api@1.8.0)
      '@opentelemetry/propagator-b3': 1.24.1(@opentelemetry/api@1.8.0)
      '@opentelemetry/propagator-jaeger': 1.24.1(@opentelemetry/api@1.8.0)
      '@opentelemetry/sdk-trace-base': 1.24.1(@opentelemetry/api@1.8.0)
      semver: 7.6.2
    dev: false

  /@opentelemetry/semantic-conventions@1.24.1:
    resolution: {integrity: sha512-VkliWlS4/+GHLLW7J/rVBA00uXus1SWvwFvcUDxDwmFxYfg/2VI6ekwdXS28cjI8Qz2ky2BzG8OUHo+WeYIWqw==}
    engines: {node: '>=14'}

  /@types/node-fetch@2.6.11:
    resolution: {integrity: sha512-24xFj9R5+rfQJLRyM56qh+wnVSYhyXC2tkoBndtY0U+vubqNsYXGjufB2nn8Q6gt0LrARwL6UBtMCSVCwl4B1g==}
    dependencies:
      '@types/node': 18.19.33
      form-data: 4.0.0
    dev: false

  /@types/node@18.19.33:
    resolution: {integrity: sha512-NR9+KrpSajr2qBVp/Yt5TU/rp+b5Mayi3+OlMlcg2cVCfRmcG5PWZ7S4+MG9PZ5gWBoc9Pd0BKSRViuBCRPu0A==}
    dependencies:
      undici-types: 5.26.5
    dev: false

  /@types/shimmer@1.0.5:
    resolution: {integrity: sha512-9Hp0ObzwwO57DpLFF0InUjUm/II8GmKAvzbefxQTihCb7KI6yc9yzf0nLc4mVdby5N4DRCgQM2wCup9KTieeww==}

  /abort-controller@3.0.0:
    resolution: {integrity: sha512-h8lQ8tacZYnR3vNQTgibj+tODHI5/+l06Au2Pcriv/Gmet0eaj4TwWH41sO9wnHDiQsEj19q0drzdWdeAHtweg==}
    engines: {node: '>=6.5'}
    dependencies:
      event-target-shim: 5.0.1
    dev: false

  /acorn-import-assertions@1.9.0(acorn@8.11.3):
    resolution: {integrity: sha512-cmMwop9x+8KFhxvKrKfPYmN6/pKTYYHBqLa0DfvVZcKMJWNyWLnaqND7dx/qn66R7ewM1UX5XMaDVP5wlVTaVA==}
    peerDependencies:
      acorn: ^8
    dependencies:
      acorn: 8.11.3

  /acorn-import-attributes@1.9.5(acorn@8.11.3):
    resolution: {integrity: sha512-n02Vykv5uA3eHGM/Z2dQrcD56kL8TyDb2p1+0P83PClMnC/nc+anbQRhIOWnSq4Ke/KvDPrY3C9hDtC/A3eHnQ==}
    peerDependencies:
      acorn: ^8
    dependencies:
      acorn: 8.11.3
    dev: false

  /acorn@8.11.3:
    resolution: {integrity: sha512-Y9rRfJG5jcKOE0CLisYbojUjIrIEE7AGMzA/Sm4BslANhbS+cDMpgBdcPT91oJ7OuJ9hYJBx59RjbhxVnrF8Xg==}
    engines: {node: '>=0.4.0'}
    hasBin: true

  /agentkeepalive@4.5.0:
    resolution: {integrity: sha512-5GG/5IbQQpC9FpkRGsSvZI5QYeSCzlJHdpBQntCsuTOxhKD8lqKhrleg2Yi7yvMIf82Ycmmqln9U8V9qwEiJew==}
    engines: {node: '>= 8.0.0'}
    dependencies:
      humanize-ms: 1.2.1
    dev: false

  /asynckit@0.4.0:
    resolution: {integrity: sha512-Oei9OH4tRh0YqU3GxhX79dM/mwVgvbZJaSNaRk+bshkj0S5cfHcgYakreBjrHwatXKbz+IoIdYLxrKim2MjW0Q==}
    dev: false

  /call-bind@1.0.7:
    resolution: {integrity: sha512-GHTSNSYICQ7scH7sZ+M2rFopRoLh8t2bLSW6BbgrtLsahOIB5iyAVJf9GjWK3cYTDaMj4XdBpM1cA6pIS0Kv2w==}
    engines: {node: '>= 0.4'}
    dependencies:
      es-define-property: 1.0.0
      es-errors: 1.3.0
      function-bind: 1.1.2
      get-intrinsic: 1.2.4
      set-function-length: 1.2.2
    dev: false

  /cjs-module-lexer@1.3.1:
    resolution: {integrity: sha512-a3KdPAANPbNE4ZUv9h6LckSl9zLsYOP4MBmhIPkRaeyybt+r4UghLvq+xw/YwUcC1gqylCkL4rdVs3Lwupjm4Q==}

  /combined-stream@1.0.8:
    resolution: {integrity: sha512-FQN4MRfuJeHf7cBbBMJFXhKSDq+2kAArBlmRBvcvFE5BB1HZKXtSFASDhdlz9zOYwxh8lDdnvmMOe/+5cdoEdg==}
    engines: {node: '>= 0.8'}
    dependencies:
      delayed-stream: 1.0.0
    dev: false

  /debug@4.3.4:
    resolution: {integrity: sha512-PRWFHuSU3eDtQJPvnNY7Jcket1j0t5OuOsFzPPzsekD52Zl8qUfFIPEiswXqIvHWGVHOgX+7G/vCNNhehwxfkQ==}
    engines: {node: '>=6.0'}
    peerDependencies:
      supports-color: '*'
    peerDependenciesMeta:
      supports-color:
        optional: true
    dependencies:
      ms: 2.1.2

  /define-data-property@1.1.4:
    resolution: {integrity: sha512-rBMvIzlpA8v6E+SJZoo++HAYqsLrkg7MSfIinMPFhmkorw7X+dOXVJQs+QT69zGkzMyfDnIMN2Wid1+NbL3T+A==}
    engines: {node: '>= 0.4'}
    dependencies:
      es-define-property: 1.0.0
      es-errors: 1.3.0
      gopd: 1.0.1
    dev: false

  /delayed-stream@1.0.0:
    resolution: {integrity: sha512-ZySD7Nf91aLB0RxL4KGrKHBXl7Eds1DAmEdcoVawXnLD7SDhpNgtuII2aAkg7a7QS41jxPSZ17p4VdGnMHk3MQ==}
    engines: {node: '>=0.4.0'}
    dev: false

  /es-define-property@1.0.0:
    resolution: {integrity: sha512-jxayLKShrEqqzJ0eumQbVhTYQM27CfT1T35+gCgDFoL82JLsXqTJ76zv6A0YLOgEnLUMvLzsDsGIrl8NFpT2gQ==}
    engines: {node: '>= 0.4'}
    dependencies:
      get-intrinsic: 1.2.4
    dev: false

  /es-errors@1.3.0:
    resolution: {integrity: sha512-Zf5H2Kxt2xjTvbJvP2ZWLEICxA6j+hAmMzIlypy4xcBg1vKVnx89Wy0GbS+kf5cwCVFFzdCFh2XSCFNULS6csw==}
    engines: {node: '>= 0.4'}
    dev: false

  /event-target-shim@5.0.1:
    resolution: {integrity: sha512-i/2XbnSz/uxRCU6+NdVJgKWDTM427+MqYbkQzD321DuCQJUqOuJKIA0IM2+W2xtYHdKOmZ4dR6fExsd4SXL+WQ==}
    engines: {node: '>=6'}
    dev: false

  /form-data-encoder@1.7.2:
    resolution: {integrity: sha512-qfqtYan3rxrnCk1VYaA4H+Ms9xdpPqvLZa6xmMgFvhO32x7/3J/ExcTd6qpxM0vH2GdMI+poehyBZvqfMTto8A==}
    dev: false

  /form-data@4.0.0:
    resolution: {integrity: sha512-ETEklSGi5t0QMZuiXoA/Q6vcnxcLQP5vdugSpuAyi6SVGi2clPPp+xgEhuMaHC+zGgn31Kd235W35f7Hykkaww==}
    engines: {node: '>= 6'}
    dependencies:
      asynckit: 0.4.0
      combined-stream: 1.0.8
      mime-types: 2.1.35
    dev: false

  /formdata-node@4.4.1:
    resolution: {integrity: sha512-0iirZp3uVDjVGt9p49aTaqjk84TrglENEDuqfdlZQ1roC9CWlPk6Avf8EEnZNcAqPonwkG35x4n3ww/1THYAeQ==}
    engines: {node: '>= 12.20'}
    dependencies:
      node-domexception: 1.0.0
      web-streams-polyfill: 4.0.0-beta.3
    dev: false

  /formdata-node@6.0.3:
    resolution: {integrity: sha512-8e1++BCiTzUno9v5IZ2J6bv4RU+3UKDmqWUQD0MIMVCd9AdhWkO1gw57oo1mNEX1dMq2EGI+FbWz4B92pscSQg==}
    engines: {node: '>= 18'}
    dev: false

  /function-bind@1.1.2:
    resolution: {integrity: sha512-7XHNxH7qX9xG5mIwxkhumTox/MIRNcOgDrxWsMt2pAr23WHp6MrRlN7FBSFpCpr+oVO0F744iUgR82nJMfG2SA==}

  /get-intrinsic@1.2.4:
    resolution: {integrity: sha512-5uYhsJH8VJBTv7oslg4BznJYhDoRI6waYCxMmCdnTrcCrHA/fCFKoTFz2JKKE0HdDFUF7/oQuhzumXJK7paBRQ==}
    engines: {node: '>= 0.4'}
    dependencies:
      es-errors: 1.3.0
      function-bind: 1.1.2
      has-proto: 1.0.3
      has-symbols: 1.0.3
      hasown: 2.0.2
    dev: false

  /gopd@1.0.1:
    resolution: {integrity: sha512-d65bNlIadxvpb/A2abVdlqKqV563juRnZ1Wtk6s1sIR8uNsXR70xqIzVqxVf1eTqDunwT2MkczEeaezCKTZhwA==}
    dependencies:
      get-intrinsic: 1.2.4
    dev: false

  /has-property-descriptors@1.0.2:
    resolution: {integrity: sha512-55JNKuIW+vq4Ke1BjOTjM2YctQIvCT7GFzHwmfZPGo5wnrgkid0YQtnAleFSqumZm4az3n2BS+erby5ipJdgrg==}
    dependencies:
      es-define-property: 1.0.0
    dev: false

  /has-proto@1.0.3:
    resolution: {integrity: sha512-SJ1amZAJUiZS+PhsVLf5tGydlaVB8EdFpaSO4gmiUKUOxk8qzn5AIy4ZeJUmh22znIdk/uMAUT2pl3FxzVUH+Q==}
    engines: {node: '>= 0.4'}
    dev: false

  /has-symbols@1.0.3:
    resolution: {integrity: sha512-l3LCuF6MgDNwTDKkdYGEihYjt5pRPbEg46rtlmnSPlUbgmB8LOIrKJbYYFBSbnPaJexMKtiPO8hmeRjRz2Td+A==}
    engines: {node: '>= 0.4'}
    dev: false

  /hasown@2.0.2:
    resolution: {integrity: sha512-0hJU9SCPvmMzIBdZFqNPXWa6dqh7WdH0cII9y+CyS8rG3nL48Bclra9HmKhVVUHyPWNH5Y7xDwAB7bfgSjkUMQ==}
    engines: {node: '>= 0.4'}
    dependencies:
      function-bind: 1.1.2

  /humanize-ms@1.2.1:
    resolution: {integrity: sha512-Fl70vYtsAFb/C06PTS9dZBo7ihau+Tu/DNCk/OyHhea07S+aeMWpFFkUaXRa8fI+ScZbEI8dfSxwY7gxZ9SAVQ==}
    dependencies:
      ms: 2.1.2
    dev: false

  /import-in-the-middle@1.7.1:
    resolution: {integrity: sha512-1LrZPDtW+atAxH42S6288qyDFNQ2YCty+2mxEPRtfazH6Z5QwkaBSTS2ods7hnVJioF6rkRfNoA6A/MstpFXLg==}
    dependencies:
      acorn: 8.11.3
      acorn-import-assertions: 1.9.0(acorn@8.11.3)
      cjs-module-lexer: 1.3.1
      module-details-from-path: 1.0.3

  /import-in-the-middle@1.7.4:
    resolution: {integrity: sha512-Lk+qzWmiQuRPPulGQeK5qq0v32k2bHnWrRPFgqyvhw7Kkov5L6MOLOIU3pcWeujc9W4q54Cp3Q2WV16eQkc7Bg==}
    dependencies:
      acorn: 8.11.3
      acorn-import-attributes: 1.9.5(acorn@8.11.3)
      cjs-module-lexer: 1.3.1
      module-details-from-path: 1.0.3
    dev: false

  /is-core-module@2.13.1:
    resolution: {integrity: sha512-hHrIjvZsftOsvKSn2TRYl63zvxsgE0K+0mYMoH6gD4omR5IWB2KynivBQczo3+wF1cCkjzvptnI9Q0sPU66ilw==}
    dependencies:
      hasown: 2.0.2

  /lodash.merge@4.6.2:
    resolution: {integrity: sha512-0KpjqXRVvrYyCsX1swR/XTK0va6VQkQM6MNo7PqW77ByjAhoARA8EfrP1N4+KlKj8YS0ZUCtRT/YUuhyYDujIQ==}
    dev: false

  /mime-db@1.52.0:
    resolution: {integrity: sha512-sPU4uV7dYlvtWJxwwxHD0PuihVNiE7TyAbQ5SWxDCB9mUYvOgroQOwYQQOKPJ8CIbE+1ETVlOoK1UC2nU3gYvg==}
    engines: {node: '>= 0.6'}
    dev: false

  /mime-types@2.1.35:
    resolution: {integrity: sha512-ZDY+bPm5zTTF+YpCrAU9nK0UgICYPT0QtT1NZWFv4s++TNkcgVaT0g6+4R2uI4MjQjzysHB1zxuWL50hzaeXiw==}
    engines: {node: '>= 0.6'}
    dependencies:
      mime-db: 1.52.0
    dev: false

  /module-details-from-path@1.0.3:
    resolution: {integrity: sha512-ySViT69/76t8VhE1xXHK6Ch4NcDd26gx0MzKXLO+F7NOtnqH68d9zF94nT8ZWSxXh8ELOERsnJO/sWt1xZYw5A==}

  /ms@2.1.2:
    resolution: {integrity: sha512-sGkPx+VjMtmA6MX27oA4FBFELFCZZ4S4XqeGOXCv68tT+jb3vk/RyaKWP0PTKyWtmLSM0b+adUTEvbs1PEaH2w==}

  /node-domexception@1.0.0:
    resolution: {integrity: sha512-/jKZoMpw0F8GRwl4/eLROPA3cfcXtLApP0QzLmUT/HuPCZWyB7IY9ZrMeKw2O/nFIqPQB3PVM9aYm0F312AXDQ==}
    engines: {node: '>=10.5.0'}
    dev: false

  /node-fetch@2.7.0:
    resolution: {integrity: sha512-c4FRfUm/dbcWZ7U+1Wq0AwCyFL+3nt2bEw05wfxSz+DWpWsitgmSgYmy2dQdWyKC1694ELPqMs/YzUSNozLt8A==}
    engines: {node: 4.x || >=6.0.0}
    peerDependencies:
      encoding: ^0.1.0
    peerDependenciesMeta:
      encoding:
        optional: true
    dependencies:
      whatwg-url: 5.0.0
    dev: false

  /object-inspect@1.13.1:
    resolution: {integrity: sha512-5qoj1RUiKOMsCCNLV1CBiPYE10sziTsnmNxkAI/rZhiD63CF7IqdFGC/XzjWjpSgLf0LxXX3bDFIh0E18f6UhQ==}
    dev: false

  /openai@4.47.1:
    resolution: {integrity: sha512-WWSxhC/69ZhYWxH/OBsLEirIjUcfpQ5+ihkXKp06hmeYXgBBIUCa9IptMzYx6NdkiOCsSGYCnTIsxaic3AjRCQ==}
    hasBin: true
    dependencies:
      '@types/node': 18.19.33
      '@types/node-fetch': 2.6.11
      abort-controller: 3.0.0
      agentkeepalive: 4.5.0
      form-data-encoder: 1.7.2
      formdata-node: 4.4.1
      node-fetch: 2.7.0
      web-streams-polyfill: 3.3.3
    transitivePeerDependencies:
      - encoding
    dev: false

  /path-parse@1.0.7:
    resolution: {integrity: sha512-LDJzPVEEEPR+y48z93A0Ed0yXb8pAByGWo/k5YYdYgpY2/2EsOsksJrq7lOHxryrVOn1ejG6oAp8ahvOIQD8sw==}

  /qs@6.11.2:
    resolution: {integrity: sha512-tDNIz22aBzCDxLtVH++VnTfzxlfeK5CbqohpSqpJgj1Wg/cQbStNAz3NuqCs5vV+pjBsK4x4pN9HlVh7rcYRiA==}
    engines: {node: '>=0.6'}
    dependencies:
      side-channel: 1.0.6
    dev: false

  /require-in-the-middle@7.3.0:
    resolution: {integrity: sha512-nQFEv9gRw6SJAwWD2LrL0NmQvAcO7FBwJbwmr2ttPAacfy0xuiOjE5zt+zM4xDyuyvUaxBi/9gb2SoCyNEVJcw==}
    engines: {node: '>=8.6.0'}
    dependencies:
      debug: 4.3.4
      module-details-from-path: 1.0.3
      resolve: 1.22.8
    transitivePeerDependencies:
      - supports-color

  /resolve@1.22.8:
    resolution: {integrity: sha512-oKWePCxqpd6FlLvGV1VU0x7bkPmmCNolxzjMf4NczoDnQcIWrAF+cPtZn5i6n+RfD2d9i0tzpKnG6Yk168yIyw==}
    hasBin: true
    dependencies:
      is-core-module: 2.13.1
      path-parse: 1.0.7
      supports-preserve-symlinks-flag: 1.0.0

  /scorecard-ai@0.5.3(@arizeai/openinference-instrumentation-langchain@0.0.5)(@arizeai/openinference-instrumentation-openai@0.2.0)(@opentelemetry/api@1.8.0)(@opentelemetry/exporter-trace-otlp-http@0.51.1)(@opentelemetry/instrumentation@0.51.1)(@opentelemetry/resources@1.24.1)(@opentelemetry/sdk-trace-node@1.24.1)(@opentelemetry/semantic-conventions@1.24.1)(openai@4.47.1):
    resolution: {integrity: sha512-vXiV2LI6efXRLU/WD0v/uCUVkS755jKxMceg+923IHem3buvi4lh5tV0EsWUy5JfobMI5krw+KDqcVeJmoRCiQ==}
    peerDependencies:
      '@arizeai/openinference-instrumentation-langchain': ^0.0.5
      '@arizeai/openinference-instrumentation-openai': ^0.2.0
      '@langchain/core': ^0.1.63
      '@opentelemetry/api': '*'
      '@opentelemetry/exporter-trace-otlp-http': '*'
      '@opentelemetry/instrumentation': '>=0.40.0'
      '@opentelemetry/resources': '*'
      '@opentelemetry/sdk-trace-node': '*'
      '@opentelemetry/semantic-conventions': '*'
      openai: ^4.47.1
    peerDependenciesMeta:
      '@langchain/core':
        optional: true
      openai:
        optional: true
    dependencies:
      '@arizeai/openinference-instrumentation-langchain': 0.0.5
      '@arizeai/openinference-instrumentation-openai': 0.2.0
      '@opentelemetry/api': 1.8.0
      '@opentelemetry/exporter-trace-otlp-http': 0.51.1(@opentelemetry/api@1.8.0)
      '@opentelemetry/instrumentation': 0.51.1(@opentelemetry/api@1.8.0)
      '@opentelemetry/resources': 1.24.1(@opentelemetry/api@1.8.0)
      '@opentelemetry/sdk-trace-node': 1.24.1(@opentelemetry/api@1.8.0)
      '@opentelemetry/semantic-conventions': 1.24.1
      form-data: 4.0.0
      formdata-node: 6.0.3
      node-fetch: 2.7.0
      openai: 4.47.1
      qs: 6.11.2
      url-join: 4.0.1
    transitivePeerDependencies:
      - encoding
    dev: false

  /semver@7.6.2:
    resolution: {integrity: sha512-FNAIBWCx9qcRhoHcgcJ0gvU7SN1lYU2ZXuSfl04bSC5OpvDHFyJCjdNHomPXxjQlCBU67YW64PzY7/VIEH7F2w==}
    engines: {node: '>=10'}
    hasBin: true

  /set-function-length@1.2.2:
    resolution: {integrity: sha512-pgRc4hJ4/sNjWCSS9AmnS40x3bNMDTknHgL5UaMBTMyJnU90EgWh1Rz+MC9eFu4BuN/UwZjKQuY/1v3rM7HMfg==}
    engines: {node: '>= 0.4'}
    dependencies:
      define-data-property: 1.1.4
      es-errors: 1.3.0
      function-bind: 1.1.2
      get-intrinsic: 1.2.4
      gopd: 1.0.1
      has-property-descriptors: 1.0.2
    dev: false

  /shimmer@1.2.1:
    resolution: {integrity: sha512-sQTKC1Re/rM6XyFM6fIAGHRPVGvyXfgzIDvzoq608vM+jeyVD0Tu1E6Np0Kc2zAIFWIj963V2800iF/9LPieQw==}

  /side-channel@1.0.6:
    resolution: {integrity: sha512-fDW/EZ6Q9RiO8eFG8Hj+7u/oW+XrPTIChwCOM2+th2A6OblDtYYIpve9m+KvI9Z4C9qSEXlaGR6bTEYHReuglA==}
    engines: {node: '>= 0.4'}
    dependencies:
      call-bind: 1.0.7
      es-errors: 1.3.0
      get-intrinsic: 1.2.4
      object-inspect: 1.13.1
    dev: false

  /supports-preserve-symlinks-flag@1.0.0:
    resolution: {integrity: sha512-ot0WnXS9fgdkgIcePe6RHNk1WA8+muPa6cSjeR3V8K27q9BB1rTE3R1p7Hv0z1ZyAc8s6Vvv8DIyWf681MAt0w==}
    engines: {node: '>= 0.4'}

  /tr46@0.0.3:
    resolution: {integrity: sha512-N3WMsuqV66lT30CrXNbEjx4GEwlow3v6rr4mCcv6prnfwhS01rkgyFdjPNBYd9br7LpXV1+Emh01fHnq2Gdgrw==}
    dev: false

  /undici-types@5.26.5:
    resolution: {integrity: sha512-JlCMO+ehdEIKqlFxk6IfVoAUVmgz7cU7zD/h9XZ0qzeosSHmUJVOzSQvvYSYWXkFXC+IfLKSIffhv0sVZup6pA==}
    dev: false

  /url-join@4.0.1:
    resolution: {integrity: sha512-jk1+QP6ZJqyOiuEI9AEWQfju/nB2Pw466kbA0LEZljHwKeMgd9WrAEgEGxjPDD2+TNbbb37rTyhEfrCXfuKXnA==}
    dev: false

  /web-streams-polyfill@3.3.3:
    resolution: {integrity: sha512-d2JWLCivmZYTSIoge9MsgFCZrt571BikcWGYkjC1khllbTeDlGqZ2D8vD8E/lJa8WGWbb7Plm8/XJYV7IJHZZw==}
    engines: {node: '>= 8'}
    dev: false

  /web-streams-polyfill@4.0.0-beta.3:
    resolution: {integrity: sha512-QW95TCTaHmsYfHDybGMwO5IJIM93I/6vTRk+daHTWFPhwh+C8Cg7j7XyKrwrj8Ib6vYXe0ocYNrmzY4xAAN6ug==}
    engines: {node: '>= 14'}
    dev: false

  /webidl-conversions@3.0.1:
    resolution: {integrity: sha512-2JAn3z8AR6rjK8Sm8orRC0h/bcl/DqL7tRPdGZ4I1CjdF+EaMLmYxBHyXuKL849eucPFhvBoxMsflfOb8kxaeQ==}
    dev: false

  /whatwg-url@5.0.0:
    resolution: {integrity: sha512-saE57nupxk6v3HY35+jzBwYa0rKSy0XR8JSxZPwgLr7ys0IBzhGviA1/TUGJLmSVqs8pb9AnvICXEuOHLprYTw==}
    dependencies:
      tr46: 0.0.3
      webidl-conversions: 3.0.1
    dev: false
